
Microsoft Visual Studio Solution File, Format Version 12.00
# Visual Studio Version 17
VisualStudioVersion = 17.7.34024.191
MinimumVisualStudioVersion = 10.0.40219.1
Project("{FAE04EC0-301F-11D3-BF4B-00C04F79EFBC}") = "openmp-browser-console", "openmp-browser-console.csproj", "{650BBA0B-7317-457C-9445-16F9BAEDA0B7}"
EndProject
Global
	GlobalSection(SolutionConfigurationPlatforms) = preSolution
		Debug|Any CPU = Debug|Any CPU
		Release|Any CPU = Release|Any CPU
	EndGlobalSection
	GlobalSection(ProjectConfigurationPlatforms) = postSolution
		{650BBA0B-7317-457C-9445-16F9BAEDA0B7}.Debug|Any CPU.ActiveCfg = Debug|Any CPU
		{650BBA0B-7317-457C-9445-16F9BAEDA0B7}.Debug|Any CPU.Build.0 = Debug|Any CPU
		{650BBA0B-7317-457C-9445-16F9BAEDA0B7}.Release|Any CPU.ActiveCfg = Release|Any CPU
		{650BBA0B-7317-457C-9445-16F9BAEDA0B7}.Release|Any CPU.Build.0 = Release|Any CPU
	EndGlobalSection
	GlobalSection(SolutionProperties) = preSolution
		HideSolutionNode = FALSE
	EndGlobalSection
	GlobalSection(ExtensibilityGlobals) = postSolution
		SolutionGuid = {5BC2C96D-33F2-4428-911A-8360E6FEFB3B}
	EndGlobalSection
EndGlobal
